
Microsoft Visual Studio Solution File, Format Version 12.00
# Visual Studio Version 17
VisualStudioVersion = 17.9.34622.214
MinimumVisualStudioVersion = 10.0.40219.1
Project("{9A19103F-16F7-4668-BE54-9A1E7A4F7556}") = "WebApplication1", "WebApplication1.csproj", "{3CCCFCB4-2868-4A6A-967E-F5FC8BB4D086}"
EndProject
Global
	GlobalSection(SolutionConfigurationPlatforms) = preSolution
		Debug|Any CPU = Debug|Any CPU
		Release|Any CPU = Release|Any CPU
	EndGlobalSection
	GlobalSection(ProjectConfigurationPlatforms) = postSolution
		{3CCCFCB4-2868-4A6A-967E-F5FC8BB4D086}.Debug|Any CPU.ActiveCfg = Debug|Any CPU
		{3CCCFCB4-2868-4A6A-967E-F5FC8BB4D086}.Debug|Any CPU.Build.0 = Debug|Any CPU
		{3CCCFCB4-2868-4A6A-967E-F5FC8BB4D086}.Release|Any CPU.ActiveCfg = Release|Any CPU
		{3CCCFCB4-2868-4A6A-967E-F5FC8BB4D086}.Release|Any CPU.Build.0 = Release|Any CPU
	EndGlobalSection
	GlobalSection(SolutionProperties) = preSolution
		HideSolutionNode = FALSE
	EndGlobalSection
	GlobalSection(ExtensibilityGlobals) = postSolution
		SolutionGuid = {D260FD4A-5098-41F2-99CD-E297B18E41F6}
	EndGlobalSection
EndGlobal
